{
  "originHash" : "7a7f4970613656cb5e7c1c4c2f0d6b0d4969870196cf027d0b172da786f45604",
  "pins" : [
    {
      "identity" : "rawdog",
      "kind" : "remoteSourceControl",
      "location" : "https://github.com/tannerdsilva/rawdog.git",
      "state" : {
        "revision" : "6115f31ffcc9612bd2b9c5c950c3b413241c5ece",
        "version" : "20.0.0"
      }
    },
    {
      "identity" : "swift-log",
      "kind" : "remoteSourceControl",
      "location" : "https://github.com/apple/swift-log.git",
      "state" : {
        "revision" : "e97a6fcb1ab07462881ac165fdbb37f067e205d5",
        "version" : "1.5.4"
      }
    },
    {
      "identity" : "swift-syntax",
      "kind" : "remoteSourceControl",
      "location" : "https://github.com/apple/swift-syntax.git",
      "state" : {
        "revision" : "4799286537280063c85a32f09884cfbca301b1a1",
        "version" : "602.0.0"
      }
    }
  ],
  "version" : 3
}
