{
  "originHash" : "e92cced578ac91c313fc41874525c34231bba42ed5a520506468a3d4dc79879c",
  "pins" : [
    {
      "identity" : "rawdog",
      "kind" : "remoteSourceControl",
      "location" : "https://github.com/tannerdsilva/rawdog.git",
      "state" : {
        "revision" : "517bc47f4ca8630a945cce9820a452d03ffe5fb8",
        "version" : "17.0.0"
      }
    },
    {
      "identity" : "swift-log",
      "kind" : "remoteSourceControl",
      "location" : "https://github.com/apple/swift-log.git",
      "state" : {
        "revision" : "e97a6fcb1ab07462881ac165fdbb37f067e205d5",
        "version" : "1.5.4"
      }
    },
    {
      "identity" : "swift-syntax",
      "kind" : "remoteSourceControl",
      "location" : "https://github.com/apple/swift-syntax.git",
      "state" : {
        "revision" : "f99ae8aa18f0cf0d53481901f88a0991dc3bd4a2",
        "version" : "601.0.1"
      }
    }
  ],
  "version" : 3
}
